// !$*UTF8*$!
{
	archiveVersion = 1;
	classes = {
	};
	objectVersion = 70;
	objects = {

/* Begin PBXBuildFile section */
		507108D21EFD4F309ED7BC48 /* CustomMartEditView.swift in Sources */ = {isa = PBXBuildFile; fileRef = 194B39D9FD06434D8FB0F292 /* CustomMartEditView.swift */; };
		529607494EBF4AEEA43559C8 /* OperationStatusManager.swift in Sources */ = {isa = PBXBuildFile; fileRef = 88F6FEDA032C4E719A0B32FB /* OperationStatusManager.swift */; };
		58446A282A59493C001CC9D1 /* SettingsView.swift in Sources */ = {isa = PBXBuildFile; fileRef = 58446A272A59493C001CC9D1 /* SettingsView.swift */; };
		589D5F472A433E8C00DB3CCF /* ProductList.plist in Resources */ = {isa = PBXBuildFile; fileRef = 589D5F462A433E8C00DB3CCF /* ProductList.plist */; };
		589D5F492A433EFD00DB3CCF /* StoreKitManager.swift in Sources */ = {isa = PBXBuildFile; fileRef = 589D5F482A433EFD00DB3CCF /* StoreKitManager.swift */; };
		9C40A1022F2B1A0100AF1279 /* UsageReporter.swift in Sources */ = {isa = PBXBuildFile; fileRef = 9C40A1012F2B1A0100AF1279 /* UsageReporter.swift */; };
		58AA3ECF2ECF56B0007D4BBD /* CustomMartManager.swift in Sources */ = {isa = PBXBuildFile; fileRef = 40E2B177256F4A4897EC2274 /* CustomMartManager.swift */; };
		58AA3ED02ECF56C0007D4BBD /* CustomMart.swift in Sources */ = {isa = PBXBuildFile; fileRef = A31C4AAD3D0F423DA964E0D9 /* CustomMart.swift */; };
		58B127DD2A3D3673004040EA /* ClosedDayCalendarView.swift in Sources */ = {isa = PBXBuildFile; fileRef = 58B127DC2A3D3673004040EA /* ClosedDayCalendarView.swift */; };
		58B693D02A3B56E800FF904B /* DontGoMartApp.swift in Sources */ = {isa = PBXBuildFile; fileRef = 58B693CF2A3B56E800FF904B /* DontGoMartApp.swift */; };
		58B693D22A3B56E800FF904B /* ClosedDaysView.swift in Sources */ = {isa = PBXBuildFile; fileRef = 58B693D12A3B56E800FF904B /* ClosedDaysView.swift */; };
		58B693D42A3B56E900FF904B /* Assets.xcassets in Resources */ = {isa = PBXBuildFile; fileRef = 58B693D32A3B56E900FF904B /* Assets.xcassets */; };
		58B693D72A3B56E900FF904B /* Preview Assets.xcassets in Resources */ = {isa = PBXBuildFile; fileRef = 58B693D62A3B56E900FF904B /* Preview Assets.xcassets */; };
		58B693E42A3B59EE00FF904B /* WidgetKit.framework in Frameworks */ = {isa = PBXBuildFile; fileRef = 58B693E32A3B59EE00FF904B /* WidgetKit.framework */; };
		58B693E62A3B59EE00FF904B /* SwiftUI.framework in Frameworks */ = {isa = PBXBuildFile; fileRef = 58B693E52A3B59EE00FF904B /* SwiftUI.framework */; };
		58B693E92A3B59EE00FF904B /* CalendarWidgetBundle.swift in Sources */ = {isa = PBXBuildFile; fileRef = 58B693E82A3B59EE00FF904B /* CalendarWidgetBundle.swift */; };
		58B693EB2A3B59EE00FF904B /* CalendarWidgetLiveActivity.swift in Sources */ = {isa = PBXBuildFile; fileRef = 58B693EA2A3B59EE00FF904B /* CalendarWidgetLiveActivity.swift */; };
		58B693ED2A3B59EE00FF904B /* HolidayWidget.swift in Sources */ = {isa = PBXBuildFile; fileRef = 58B693EC2A3B59EE00FF904B /* HolidayWidget.swift */; };
		58B693F02A3B59EF00FF904B /* Assets.xcassets in Resources */ = {isa = PBXBuildFile; fileRef = 58B693EF2A3B59EF00FF904B /* Assets.xcassets */; };
		58B693F22A3B59EF00FF904B /* CalendarWidget.intentdefinition in Sources */ = {isa = PBXBuildFile; fileRef = 58B693EE2A3B59EE00FF904B /* CalendarWidget.intentdefinition */; };
		58B693F32A3B59EF00FF904B /* CalendarWidget.intentdefinition in Sources */ = {isa = PBXBuildFile; fileRef = 58B693EE2A3B59EE00FF904B /* CalendarWidget.intentdefinition */; };
		58B693F62A3B59EF00FF904B /* CalendarWidgetExtension.appex in Embed Foundation Extensions */ = {isa = PBXBuildFile; fileRef = 58B693E12A3B59EE00FF904B /* CalendarWidgetExtension.appex */; settings = {ATTRIBUTES = (RemoveHeadersOnCopy, ); }; };
		58B693FD2A3B66AB00FF904B /* MonthConfig.swift in Sources */ = {isa = PBXBuildFile; fileRef = 58B693FB2A3B654A00FF904B /* MonthConfig.swift */; };
		58D40AD12CDF81A5008C6458 /* Date+Ext.swift in Sources */ = {isa = PBXBuildFile; fileRef = 58D40AD02CDF81A2008C6458 /* Date+Ext.swift */; };
		58D40AD32CDF8E15008C6458 /* MartClosedData.swift in Sources */ = {isa = PBXBuildFile; fileRef = 58D40AD22CDF8E15008C6458 /* MartClosedData.swift */; };
		58D40AD52CDF8E68008C6458 /* DateValue.swift in Sources */ = {isa = PBXBuildFile; fileRef = 58D40AD42CDF8E68008C6458 /* DateValue.swift */; };
		58D40AD72CDF9138008C6458 /* Calendar+Ext.swift in Sources */ = {isa = PBXBuildFile; fileRef = 58D40AD62CDF9130008C6458 /* Calendar+Ext.swift */; };
		58D40ADA2CDF9C92008C6458 /* Calendar+Ext.swift in Sources */ = {isa = PBXBuildFile; fileRef = 58D40AD62CDF9130008C6458 /* Calendar+Ext.swift */; };
		5EF8D5624A6C44509B77A5BA /* CustomMart.swift in Sources */ = {isa = PBXBuildFile; fileRef = A31C4AAD3D0F423DA964E0D9 /* CustomMart.swift */; };
		9C2035742F2AE56D00AF1279 /* Localizable.xcstrings in Resources */ = {isa = PBXBuildFile; fileRef = 9C2035732F2AE56D00AF1279 /* Localizable.xcstrings */; };
		9C2035752F2AE57000AF1279 /* InfoPlist.xcstrings in Resources */ = {isa = PBXBuildFile; fileRef = 9C2035762F2AE57000AF1279 /* InfoPlist.xcstrings */; };
		9C2035772F2AE58000AF1279 /* ReviewManager.swift in Sources */ = {isa = PBXBuildFile; fileRef = 9C2035782F2AE58000AF1279 /* ReviewManager.swift */; };
		9C2035782F2AE56D00AF1279 /* Localizable.xcstrings in Resources */ = {isa = PBXBuildFile; fileRef = 9C2035732F2AE56D00AF1279 /* Localizable.xcstrings */; };
		AEAF6767F1F6414DB8284EF1 /* CustomMartManager.swift in Sources */ = {isa = PBXBuildFile; fileRef = 40E2B177256F4A4897EC2274 /* CustomMartManager.swift */; };
		AED7BB247263EE03E9181B58 /* DontGoMartSpec.swift in Sources */ = {isa = PBXBuildFile; fileRef = 18486640C96835BB82BFD493 /* DontGoMartSpec.swift */; };
		C304FA2A2D1D1B53000642C3 /* MartClosedData.swift in Sources */ = {isa = PBXBuildFile; fileRef = 58D40AD22CDF8E15008C6458 /* MartClosedData.swift */; };
		C304FA2B2D1D1B5A000642C3 /* DateValue.swift in Sources */ = {isa = PBXBuildFile; fileRef = 58D40AD42CDF8E68008C6458 /* DateValue.swift */; };
		C33C54772D312D53008B625C /* Date+Ext.swift in Sources */ = {isa = PBXBuildFile; fileRef = 58D40AD02CDF81A2008C6458 /* Date+Ext.swift */; };
		C359F4EF2CFD724000F26B1D /* WidgetEntry.swift in Sources */ = {isa = PBXBuildFile; fileRef = C359F4EE2CFD724000F26B1D /* WidgetEntry.swift */; };
		C359F4F02CFD724000F26B1D /* WidgetEntry.swift in Sources */ = {isa = PBXBuildFile; fileRef = C359F4EE2CFD724000F26B1D /* WidgetEntry.swift */; };
		C359F4F42CFD8AD800F26B1D /* Color+Ext.swift in Sources */ = {isa = PBXBuildFile; fileRef = C359F4F22CFD8AD800F26B1D /* Color+Ext.swift */; };
		C359F4F72CFD8F6700F26B1D /* Color+Ext.swift in Sources */ = {isa = PBXBuildFile; fileRef = C359F4F22CFD8AD800F26B1D /* Color+Ext.swift */; };
		C359F4F92CFD8FA700F26B1D /* DDayWidget.swift in Sources */ = {isa = PBXBuildFile; fileRef = C359F4F82CFD8FA700F26B1D /* DDayWidget.swift */; };
		C359F4FD2CFD96CA00F26B1D /* TwoHolidayWidget.swift in Sources */ = {isa = PBXBuildFile; fileRef = C359F4FC2CFD96CA00F26B1D /* TwoHolidayWidget.swift */; };
		C359F5022CFDC0A800F26B1D /* HolidayWidgetProvider.swift in Sources */ = {isa = PBXBuildFile; fileRef = C359F5012CFDC0A800F26B1D /* HolidayWidgetProvider.swift */; };
		C359F5032CFDC0A800F26B1D /* HolidayWidgetProvider.swift in Sources */ = {isa = PBXBuildFile; fileRef = C359F5012CFDC0A800F26B1D /* HolidayWidgetProvider.swift */; };
		C359F5052CFDC14F00F26B1D /* DDayWidgetProvider.swift in Sources */ = {isa = PBXBuildFile; fileRef = C359F5042CFDC14F00F26B1D /* DDayWidgetProvider.swift */; };
		C359F5062CFDC14F00F26B1D /* DDayWidgetProvider.swift in Sources */ = {isa = PBXBuildFile; fileRef = C359F5042CFDC14F00F26B1D /* DDayWidgetProvider.swift */; };
		C359F5082CFDC16300F26B1D /* TwoHolidayWidgetProvider.swift in Sources */ = {isa = PBXBuildFile; fileRef = C359F5072CFDC16300F26B1D /* TwoHolidayWidgetProvider.swift */; };
		C359F5092CFDC16300F26B1D /* TwoHolidayWidgetProvider.swift in Sources */ = {isa = PBXBuildFile; fileRef = C359F5072CFDC16300F26B1D /* TwoHolidayWidgetProvider.swift */; };
		C3C2F8E82CEB18CE003ED9A5 /* MartModel.swift in Sources */ = {isa = PBXBuildFile; fileRef = C3C2F8E72CEB18CE003ED9A5 /* MartModel.swift */; };
		C3C2F8E92CEB18CE003ED9A5 /* MartModel.swift in Sources */ = {isa = PBXBuildFile; fileRef = C3C2F8E72CEB18CE003ED9A5 /* MartModel.swift */; };
		C3E71D7C2D2BFBBF00F4A24B /* Utillity.swift in Sources */ = {isa = PBXBuildFile; fileRef = C3E71D7B2D2BFBB000F4A24B /* Utillity.swift */; };
		C3E71D7D2D2BFBBF00F4A24B /* Utillity.swift in Sources */ = {isa = PBXBuildFile; fileRef = C3E71D7B2D2BFBB000F4A24B /* Utillity.swift */; };
		C3F7E7342D2CACF5003B7762 /* WidgetManager.swift in Sources */ = {isa = PBXBuildFile; fileRef = C3F7E7332D2CACF5003B7762 /* WidgetManager.swift */; };
		D0075D4200000000000000A2 /* SundayStatusWidget.swift in Sources */ = {isa = PBXBuildFile; fileRef = D0075D4100000000000000A1 /* SundayStatusWidget.swift */; };
		D0075D4400000000000000A4 /* ShareCardView.swift in Sources */ = {isa = PBXBuildFile; fileRef = D0075D4300000000000000A3 /* ShareCardView.swift */; };
		D0075D4600000000000000A6 /* TipCelebrationView.swift in Sources */ = {isa = PBXBuildFile; fileRef = D0075D4500000000000000A5 /* TipCelebrationView.swift */; };
		D1C229962E0C2AC000969839 /* NotificationManager.swift in Sources */ = {isa = PBXBuildFile; fileRef = D1C229952E0C2ABB00969839 /* NotificationManager.swift */; };
		E5E0D55DE3634E938977BCCE /* ColorExtension.swift in Sources */ = {isa = PBXBuildFile; fileRef = AB1004BA229141238536EE02 /* ColorExtension.swift */; };
		F8CAF74282B87E515EA26B48 /* LeeoKit in Frameworks */ = {isa = PBXBuildFile; productRef = 7F6D8E1AF9898CD59B16480C /* LeeoKit */; };
		FF86884D06664712A8FF1B17 /* ColorExtension.swift in Sources */ = {isa = PBXBuildFile; fileRef = AB1004BA229141238536EE02 /* ColorExtension.swift */; };
/* End PBXBuildFile section */

/* Begin PBXContainerItemProxy section */
		58B693F42A3B59EF00FF904B /* PBXContainerItemProxy */ = {
			isa = PBXContainerItemProxy;
			containerPortal = 58B693C42A3B56E800FF904B /* Project object */;
			proxyType = 1;
			remoteGlobalIDString = 58B693E02A3B59EE00FF904B;
			remoteInfo = CalendarWidgetExtension;
		};
		C3C2F8F22CEB4952003ED9A5 /* PBXContainerItemProxy */ = {
			isa = PBXContainerItemProxy;
			containerPortal = 58B693C42A3B56E800FF904B /* Project object */;
			proxyType = 1;
			remoteGlobalIDString = 58B693CB2A3B56E800FF904B;
			remoteInfo = DontGoMart;
		};
/* End PBXContainerItemProxy section */

/* Begin PBXCopyFilesBuildPhase section */
		58B693FA2A3B59EF00FF904B /* Embed Foundation Extensions */ = {
			isa = PBXCopyFilesBuildPhase;
			buildActionMask = 2147483647;
			dstPath = "";
			dstSubfolderSpec = 13;
			files = (
				58B693F62A3B59EF00FF904B /* CalendarWidgetExtension.appex in Embed Foundation Extensions */,
			);
			name = "Embed Foundation Extensions";
			runOnlyForDeploymentPostprocessing = 0;
		};
/* End PBXCopyFilesBuildPhase section */

/* Begin PBXFileReference section */
		18486640C96835BB82BFD493 /* DontGoMartSpec.swift */ = {isa = PBXFileReference; includeInIndex = 1; lastKnownFileType = sourcecode.swift; path = DontGoMartSpec.swift; sourceTree = "<group>"; };
		194B39D9FD06434D8FB0F292 /* CustomMartEditView.swift */ = {isa = PBXFileReference; lastKnownFileType = sourcecode.swift; path = CustomMartEditView.swift; sourceTree = "<group>"; };
		40E2B177256F4A4897EC2274 /* CustomMartManager.swift */ = {isa = PBXFileReference; lastKnownFileType = sourcecode.swift; path = CustomMartManager.swift; sourceTree = "<group>"; };
		58446A272A59493C001CC9D1 /* SettingsView.swift */ = {isa = PBXFileReference; lastKnownFileType = sourcecode.swift; path = SettingsView.swift; sourceTree = "<group>"; };
		58446A292A59BD5C001CC9D1 /* CalendarWidgetExtension.entitlements */ = {isa = PBXFileReference; lastKnownFileType = text.plist.entitlements; path = CalendarWidgetExtension.entitlements; sourceTree = "<group>"; };
		589D5F452A433D7000DB3CCF /* CoffeeConfiguration.storekit */ = {isa = PBXFileReference; lastKnownFileType = text; path = CoffeeConfiguration.storekit; sourceTree = "<group>"; };
		589D5F462A433E8C00DB3CCF /* ProductList.plist */ = {isa = PBXFileReference; lastKnownFileType = text.plist.xml; path = ProductList.plist; sourceTree = "<group>"; };
		589D5F482A433EFD00DB3CCF /* StoreKitManager.swift */ = {isa = PBXFileReference; lastKnownFileType = sourcecode.swift; path = StoreKitManager.swift; sourceTree = "<group>"; };
		9C40A1012F2B1A0100AF1279 /* UsageReporter.swift */ = {isa = PBXFileReference; lastKnownFileType = sourcecode.swift; path = UsageReporter.swift; sourceTree = "<group>"; };
		589D5F4A2A43443C00DB3CCF /* DontGoMart.entitlements */ = {isa = PBXFileReference; lastKnownFileType = text.plist.entitlements; path = DontGoMart.entitlements; sourceTree = "<group>"; };
		58B127DC2A3D3673004040EA /* ClosedDayCalendarView.swift */ = {isa = PBXFileReference; lastKnownFileType = sourcecode.swift; path = ClosedDayCalendarView.swift; sourceTree = "<group>"; };
		58B693CC2A3B56E800FF904B /* DontGoMart.app */ = {isa = PBXFileReference; explicitFileType = wrapper.application; includeInIndex = 0; path = DontGoMart.app; sourceTree = BUILT_PRODUCTS_DIR; };
		58B693CF2A3B56E800FF904B /* DontGoMartApp.swift */ = {isa = PBXFileReference; lastKnownFileType = sourcecode.swift; path = DontGoMartApp.swift; sourceTree = "<group>"; };
		58B693D12A3B56E800FF904B /* ClosedDaysView.swift */ = {isa = PBXFileReference; lastKnownFileType = sourcecode.swift; path = ClosedDaysView.swift; sourceTree = "<group>"; };
		58B693D32A3B56E900FF904B /* Assets.xcassets */ = {isa = PBXFileReference; lastKnownFileType = folder.assetcatalog; path = Assets.xcassets; sourceTree = "<group>"; };
		58B693D62A3B56E900FF904B /* Preview Assets.xcassets */ = {isa = PBXFileReference; lastKnownFileType = folder.assetcatalog; path = "Preview Assets.xcassets"; sourceTree = "<group>"; };
		58B693E12A3B59EE00FF904B /* CalendarWidgetExtension.appex */ = {isa = PBXFileReference; explicitFileType = "wrapper.app-extension"; includeInIndex = 0; path = CalendarWidgetExtension.appex; sourceTree = BUILT_PRODUCTS_DIR; };
		58B693E32A3B59EE00FF904B /* WidgetKit.framework */ = {isa = PBXFileReference; lastKnownFileType = wrapper.framework; name = WidgetKit.framework; path = System/Library/Frameworks/WidgetKit.framework; sourceTree = SDKROOT; };
		58B693E52A3B59EE00FF904B /* SwiftUI.framework */ = {isa = PBXFileReference; lastKnownFileType = wrapper.framework; name = SwiftUI.framework; path = System/Library/Frameworks/SwiftUI.framework; sourceTree = SDKROOT; };
		58B693E82A3B59EE00FF904B /* CalendarWidgetBundle.swift */ = {isa = PBXFileReference; lastKnownFileType = sourcecode.swift; path = CalendarWidgetBundle.swift; sourceTree = "<group>"; };
		58B693EA2A3B59EE00FF904B /* CalendarWidgetLiveActivity.swift */ = {isa = PBXFileReference; lastKnownFileType = sourcecode.swift; path = CalendarWidgetLiveActivity.swift; sourceTree = "<group>"; };
		58B693EC2A3B59EE00FF904B /* HolidayWidget.swift */ = {isa = PBXFileReference; lastKnownFileType = sourcecode.swift; path = HolidayWidget.swift; sourceTree = "<group>"; };
		58B693EE2A3B59EE00FF904B /* CalendarWidget.intentdefinition */ = {isa = PBXFileReference; lastKnownFileType = file.intentdefinition; path = CalendarWidget.intentdefinition; sourceTree = "<group>"; };
		58B693EF2A3B59EF00FF904B /* Assets.xcassets */ = {isa = PBXFileReference; lastKnownFileType = folder.assetcatalog; path = Assets.xcassets; sourceTree = "<group>"; };
		58B693F12A3B59EF00FF904B /* Info.plist */ = {isa = PBXFileReference; lastKnownFileType = text.plist.xml; path = Info.plist; sourceTree = "<group>"; };
		58B693FB2A3B654A00FF904B /* MonthConfig.swift */ = {isa = PBXFileReference; lastKnownFileType = sourcecode.swift; path = MonthConfig.swift; sourceTree = "<group>"; };
		58D40AD02CDF81A2008C6458 /* Date+Ext.swift */ = {isa = PBXFileReference; lastKnownFileType = sourcecode.swift; path = "Date+Ext.swift"; sourceTree = "<group>"; };
		58D40AD22CDF8E15008C6458 /* MartClosedData.swift */ = {isa = PBXFileReference; lastKnownFileType = sourcecode.swift; path = MartClosedData.swift; sourceTree = "<group>"; };
		58D40AD42CDF8E68008C6458 /* DateValue.swift */ = {isa = PBXFileReference; lastKnownFileType = sourcecode.swift; path = DateValue.swift; sourceTree = "<group>"; };
		58D40AD62CDF9130008C6458 /* Calendar+Ext.swift */ = {isa = PBXFileReference; lastKnownFileType = sourcecode.swift; path = "Calendar+Ext.swift"; sourceTree = "<group>"; };
		88F6FEDA032C4E719A0B32FB /* OperationStatusManager.swift */ = {isa = PBXFileReference; lastKnownFileType = sourcecode.swift; path = OperationStatusManager.swift; sourceTree = "<group>"; };
		9C2035732F2AE56D00AF1279 /* Localizable.xcstrings */ = {isa = PBXFileReference; lastKnownFileType = text.json.xcstrings; path = Localizable.xcstrings; sourceTree = "<group>"; };
		9C2035762F2AE57000AF1279 /* InfoPlist.xcstrings */ = {isa = PBXFileReference; lastKnownFileType = text.json.xcstrings; path = InfoPlist.xcstrings; sourceTree = "<group>"; };
		9C2035782F2AE58000AF1279 /* ReviewManager.swift */ = {isa = PBXFileReference; lastKnownFileType = sourcecode.swift; path = ReviewManager.swift; sourceTree = "<group>"; };
		9C20357A2F2AE59000AF1279 /* Version.xcconfig */ = {isa = PBXFileReference; lastKnownFileType = text.xcconfig; path = Version.xcconfig; sourceTree = "<group>"; };
		A31C4AAD3D0F423DA964E0D9 /* CustomMart.swift */ = {isa = PBXFileReference; lastKnownFileType = sourcecode.swift; path = CustomMart.swift; sourceTree = "<group>"; };
		AB1004BA229141238536EE02 /* ColorExtension.swift */ = {isa = PBXFileReference; lastKnownFileType = sourcecode.swift; path = ColorExtension.swift; sourceTree = "<group>"; };
		C359F4EE2CFD724000F26B1D /* WidgetEntry.swift */ = {isa = PBXFileReference; lastKnownFileType = sourcecode.swift; path = WidgetEntry.swift; sourceTree = "<group>"; };
		C359F4F22CFD8AD800F26B1D /* Color+Ext.swift */ = {isa = PBXFileReference; lastKnownFileType = sourcecode.swift; path = "Color+Ext.swift"; sourceTree = "<group>"; };
		C359F4F82CFD8FA700F26B1D /* DDayWidget.swift */ = {isa = PBXFileReference; lastKnownFileType = sourcecode.swift; path = DDayWidget.swift; sourceTree = "<group>"; };
		C359F4FC2CFD96CA00F26B1D /* TwoHolidayWidget.swift */ = {isa = PBXFileReference; lastKnownFileType = sourcecode.swift; path = TwoHolidayWidget.swift; sourceTree = "<group>"; };
		C359F5012CFDC0A800F26B1D /* HolidayWidgetProvider.swift */ = {isa = PBXFileReference; lastKnownFileType = sourcecode.swift; path = HolidayWidgetProvider.swift; sourceTree = "<group>"; };
		C359F5042CFDC14F00F26B1D /* DDayWidgetProvider.swift */ = {isa = PBXFileReference; lastKnownFileType = sourcecode.swift; path = DDayWidgetProvider.swift; sourceTree = "<group>"; };
		C359F5072CFDC16300F26B1D /* TwoHolidayWidgetProvider.swift */ = {isa = PBXFileReference; lastKnownFileType = sourcecode.swift; path = TwoHolidayWidgetProvider.swift; sourceTree = "<group>"; };
		C3C2F8E72CEB18CE003ED9A5 /* MartModel.swift */ = {isa = PBXFileReference; lastKnownFileType = sourcecode.swift; path = MartModel.swift; sourceTree = "<group>"; };
		C3C2F8EE2CEB4952003ED9A5 /* DontGoMartTests.xctest */ = {isa = PBXFileReference; explicitFileType = wrapper.cfbundle; includeInIndex = 0; path = DontGoMartTests.xctest; sourceTree = BUILT_PRODUCTS_DIR; };
		C3E71D7B2D2BFBB000F4A24B /* Utillity.swift */ = {isa = PBXFileReference; lastKnownFileType = sourcecode.swift; path = Utillity.swift; sourceTree = "<group>"; };
		C3F7E7332D2CACF5003B7762 /* WidgetManager.swift */ = {isa = PBXFileReference; lastKnownFileType = sourcecode.swift; path = WidgetManager.swift; sourceTree = "<group>"; };
		D0075D4100000000000000A1 /* SundayStatusWidget.swift */ = {isa = PBXFileReference; lastKnownFileType = sourcecode.swift; path = SundayStatusWidget.swift; sourceTree = "<group>"; };
		D0075D4300000000000000A3 /* ShareCardView.swift */ = {isa = PBXFileReference; lastKnownFileType = sourcecode.swift; path = ShareCardView.swift; sourceTree = "<group>"; };
		D0075D4500000000000000A5 /* TipCelebrationView.swift */ = {isa = PBXFileReference; lastKnownFileType = sourcecode.swift; path = TipCelebrationView.swift; sourceTree = "<group>"; };
		D1C229952E0C2ABB00969839 /* NotificationManager.swift */ = {isa = PBXFileReference; lastKnownFileType = sourcecode.swift; path = NotificationManager.swift; sourceTree = "<group>"; };
/* End PBXFileReference section */

/* Begin PBXFileSystemSynchronizedRootGroup section */
		C3C2F8EF2CEB4952003ED9A5 /* DontGoMartTests */ = {
			isa = PBXFileSystemSynchronizedRootGroup;
			exceptions = (
			);
			explicitFileTypes = {
			};
			explicitFolders = (
			);
			path = DontGoMartTests;
			sourceTree = "<group>";
		};
/* End PBXFileSystemSynchronizedRootGroup section */

/* Begin PBXFrameworksBuildPhase section */
		58B693C92A3B56E800FF904B /* Frameworks */ = {
			isa = PBXFrameworksBuildPhase;
			buildActionMask = 2147483647;
			files = (
				F8CAF74282B87E515EA26B48 /* LeeoKit in Frameworks */,
			);
			runOnlyForDeploymentPostprocessing = 0;
		};
		58B693DE2A3B59EE00FF904B /* Frameworks */ = {
			isa = PBXFrameworksBuildPhase;
			buildActionMask = 2147483647;
			files = (
				58B693E62A3B59EE00FF904B /* SwiftUI.framework in Frameworks */,
				58B693E42A3B59EE00FF904B /* WidgetKit.framework in Frameworks */,
			);
			runOnlyForDeploymentPostprocessing = 0;
		};
		C3C2F8EB2CEB4952003ED9A5 /* Frameworks */ = {
			isa = PBXFrameworksBuildPhase;
			buildActionMask = 2147483647;
			files = (
			);
			runOnlyForDeploymentPostprocessing = 0;
		};
/* End PBXFrameworksBuildPhase section */

/* Begin PBXGroup section */
		58446A242A5938F0001CC9D1 /* Manager */ = {
			isa = PBXGroup;
			children = (
				40E2B177256F4A4897EC2274 /* CustomMartManager.swift */,
				88F6FEDA032C4E719A0B32FB /* OperationStatusManager.swift */,
				D1C229952E0C2ABB00969839 /* NotificationManager.swift */,
				589D5F482A433EFD00DB3CCF /* StoreKitManager.swift */,
				9C40A1012F2B1A0100AF1279 /* UsageReporter.swift */,
				C3F7E7332D2CACF5003B7762 /* WidgetManager.swift */,
				9C2035782F2AE58000AF1279 /* ReviewManager.swift */,
			);
			path = Manager;
			sourceTree = "<group>";
		};
		58446A252A59390C001CC9D1 /* Screen */ = {
			isa = PBXGroup;
			children = (
				194B39D9FD06434D8FB0F292 /* CustomMartEditView.swift */,
				58B127DC2A3D3673004040EA /* ClosedDayCalendarView.swift */,
				58B693D12A3B56E800FF904B /* ClosedDaysView.swift */,
				58446A272A59493C001CC9D1 /* SettingsView.swift */,
				D0075D4300000000000000A3 /* ShareCardView.swift */,
				D0075D4500000000000000A5 /* TipCelebrationView.swift */,
			);
			path = Screen;
			sourceTree = "<group>";
		};
		58446A262A593924001CC9D1 /* Model */ = {
			isa = PBXGroup;
			children = (
				A31C4AAD3D0F423DA964E0D9 /* CustomMart.swift */,
				C3C2F8E72CEB18CE003ED9A5 /* MartModel.swift */,
				58D40AD22CDF8E15008C6458 /* MartClosedData.swift */,
				58D40AD42CDF8E68008C6458 /* DateValue.swift */,
			);
			path = Model;
			sourceTree = "<group>";
		};
		58B693C32A3B56E800FF904B = {
			isa = PBXGroup;
			children = (
				9C20357B2F2AE59000AF1279 /* Config */,
				58446A292A59BD5C001CC9D1 /* CalendarWidgetExtension.entitlements */,
				58B693CE2A3B56E800FF904B /* DontGoMart */,
				58B693E72A3B59EE00FF904B /* DontGoMartWidget */,
				C3C2F8EF2CEB4952003ED9A5 /* DontGoMartTests */,
				58B693E22A3B59EE00FF904B /* Frameworks */,
				58B693CD2A3B56E800FF904B /* Products */,
			);
			sourceTree = "<group>";
		};
		58B693CD2A3B56E800FF904B /* Products */ = {
			isa = PBXGroup;
			children = (
				58B693CC2A3B56E800FF904B /* DontGoMart.app */,
				58B693E12A3B59EE00FF904B /* CalendarWidgetExtension.appex */,
				C3C2F8EE2CEB4952003ED9A5 /* DontGoMartTests.xctest */,
			);
			name = Products;
			sourceTree = "<group>";
		};
		58B693CE2A3B56E800FF904B /* DontGoMart */ = {
			isa = PBXGroup;
			children = (
				58B693CF2A3B56E800FF904B /* DontGoMartApp.swift */,
				58D40ACF2CDF818B008C6458 /* Utilities */,
				58446A262A593924001CC9D1 /* Model */,
				58446A252A59390C001CC9D1 /* Screen */,
				58446A242A5938F0001CC9D1 /* Manager */,
				589D5F4A2A43443C00DB3CCF /* DontGoMart.entitlements */,
				589D5F452A433D7000DB3CCF /* CoffeeConfiguration.storekit */,
				589D5F462A433E8C00DB3CCF /* ProductList.plist */,
				58B693D32A3B56E900FF904B /* Assets.xcassets */,
				58B693D52A3B56E900FF904B /* Preview Content */,
				9C2035732F2AE56D00AF1279 /* Localizable.xcstrings */,
				9C2035762F2AE57000AF1279 /* InfoPlist.xcstrings */,
				18486640C96835BB82BFD493 /* DontGoMartSpec.swift */,
			);
			path = DontGoMart;
			sourceTree = "<group>";
		};
		58B693D52A3B56E900FF904B /* Preview Content */ = {
			isa = PBXGroup;
			children = (
				58B693D62A3B56E900FF904B /* Preview Assets.xcassets */,
			);
			path = "Preview Content";
			sourceTree = "<group>";
		};
		58B693E22A3B59EE00FF904B /* Frameworks */ = {
			isa = PBXGroup;
			children = (
				58B693E32A3B59EE00FF904B /* WidgetKit.framework */,
				58B693E52A3B59EE00FF904B /* SwiftUI.framework */,
			);
			name = Frameworks;
			sourceTree = "<group>";
		};
		58B693E72A3B59EE00FF904B /* DontGoMartWidget */ = {
			isa = PBXGroup;
			children = (
				C359F4F52CFD8E8D00F26B1D /* Widget */,
				C359F4ED2CFD722D00F26B1D /* Model */,
				58B693E82A3B59EE00FF904B /* CalendarWidgetBundle.swift */,
				58B693FB2A3B654A00FF904B /* MonthConfig.swift */,
				58B693EE2A3B59EE00FF904B /* CalendarWidget.intentdefinition */,
				58B693EF2A3B59EF00FF904B /* Assets.xcassets */,
				58B693F12A3B59EF00FF904B /* Info.plist */,
			);
			path = DontGoMartWidget;
			sourceTree = "<group>";
		};
		58D40ACF2CDF818B008C6458 /* Utilities */ = {
			isa = PBXGroup;
			children = (
				C3E71D7B2D2BFBB000F4A24B /* Utillity.swift */,
				58D40AD62CDF9130008C6458 /* Calendar+Ext.swift */,
				58D40AD02CDF81A2008C6458 /* Date+Ext.swift */,
				C359F4F22CFD8AD800F26B1D /* Color+Ext.swift */,
				AB1004BA229141238536EE02 /* ColorExtension.swift */,
			);
			path = Utilities;
			sourceTree = "<group>";
		};
		9C20357B2F2AE59000AF1279 /* Config */ = {
			isa = PBXGroup;
			children = (
				9C20357A2F2AE59000AF1279 /* Version.xcconfig */,
			);
			path = Config;
			sourceTree = "<group>";
		};
		C359F4ED2CFD722D00F26B1D /* Model */ = {
			isa = PBXGroup;
			children = (
				C359F4EE2CFD724000F26B1D /* WidgetEntry.swift */,
			);
			path = Model;
			sourceTree = "<group>";
		};
		C359F4F52CFD8E8D00F26B1D /* Widget */ = {
			isa = PBXGroup;
			children = (
				C359F5002CFDC09200F26B1D /* Provider */,
				C359F4F62CFD8ED700F26B1D /* LiveActivity */,
				58B693EC2A3B59EE00FF904B /* HolidayWidget.swift */,
				C359F4F82CFD8FA700F26B1D /* DDayWidget.swift */,
				C359F4FC2CFD96CA00F26B1D /* TwoHolidayWidget.swift */,
				D0075D4100000000000000A1 /* SundayStatusWidget.swift */,
			);
			path = Widget;
			sourceTree = "<group>";
		};
		C359F4F62CFD8ED700F26B1D /* LiveActivity */ = {
			isa = PBXGroup;
			children = (
				58B693EA2A3B59EE00FF904B /* CalendarWidgetLiveActivity.swift */,
			);
			path = LiveActivity;
			sourceTree = "<group>";
		};
		C359F5002CFDC09200F26B1D /* Provider */ = {
			isa = PBXGroup;
			children = (
				C359F5012CFDC0A800F26B1D /* HolidayWidgetProvider.swift */,
				C359F5042CFDC14F00F26B1D /* DDayWidgetProvider.swift */,
				C359F5072CFDC16300F26B1D /* TwoHolidayWidgetProvider.swift */,
			);
			path = Provider;
			sourceTree = "<group>";
		};
/* End PBXGroup section */

/* Begin PBXNativeTarget section */
		58B693CB2A3B56E800FF904B /* DontGoMart */ = {
			isa = PBXNativeTarget;
			buildConfigurationList = 58B693DA2A3B56E900FF904B /* Build configuration list for PBXNativeTarget "DontGoMart" */;
			buildPhases = (
				58B693C82A3B56E800FF904B /* Sources */,
				58B693C92A3B56E800FF904B /* Frameworks */,
				58B693CA2A3B56E800FF904B /* Resources */,
				58B693FA2A3B59EF00FF904B /* Embed Foundation Extensions */,
			);
			buildRules = (
			);
			dependencies = (
				58B693F52A3B59EF00FF904B /* PBXTargetDependency */,
			);
			name = DontGoMart;
			packageProductDependencies = (
				7F6D8E1AF9898CD59B16480C /* LeeoKit */,
			);
			productName = DontGoMart;
			productReference = 58B693CC2A3B56E800FF904B /* DontGoMart.app */;
			productType = "com.apple.product-type.application";
		};
		58B693E02A3B59EE00FF904B /* CalendarWidgetExtension */ = {
			isa = PBXNativeTarget;
			buildConfigurationList = 58B693F72A3B59EF00FF904B /* Build configuration list for PBXNativeTarget "CalendarWidgetExtension" */;
			buildPhases = (
				58B693DD2A3B59EE00FF904B /* Sources */,
				58B693DE2A3B59EE00FF904B /* Frameworks */,
				58B693DF2A3B59EE00FF904B /* Resources */,
			);
			buildRules = (
			);
			dependencies = (
			);
			name = CalendarWidgetExtension;
			productName = CalendarWidgetExtension;
			productReference = 58B693E12A3B59EE00FF904B /* CalendarWidgetExtension.appex */;
			productType = "com.apple.product-type.app-extension";
		};
		C3C2F8ED2CEB4952003ED9A5 /* DontGoMartTests */ = {
			isa = PBXNativeTarget;
			buildConfigurationList = C3C2F8F42CEB4952003ED9A5 /* Build configuration list for PBXNativeTarget "DontGoMartTests" */;
			buildPhases = (
				C3C2F8EA2CEB4952003ED9A5 /* Sources */,
				C3C2F8EB2CEB4952003ED9A5 /* Frameworks */,
				C3C2F8EC2CEB4952003ED9A5 /* Resources */,
			);
			buildRules = (
			);
			dependencies = (
				C3C2F8F32CEB4952003ED9A5 /* PBXTargetDependency */,
			);
			fileSystemSynchronizedGroups = (
				C3C2F8EF2CEB4952003ED9A5 /* DontGoMartTests */,
			);
			name = DontGoMartTests;
			productName = DontGoMartTests;
			productReference = C3C2F8EE2CEB4952003ED9A5 /* DontGoMartTests.xctest */;
			productType = "com.apple.product-type.bundle.unit-test";
		};
/* End PBXNativeTarget section */

/* Begin PBXProject section */
		58B693C42A3B56E800FF904B /* Project object */ = {
			isa = PBXProject;
			attributes = {
				BuildIndependentTargetsInParallel = 1;
				LastSwiftUpdateCheck = 1610;
				LastUpgradeCheck = 1610;
				TargetAttributes = {
					58B693CB2A3B56E800FF904B = {
						CreatedOnToolsVersion = 14.3;
					};
					58B693E02A3B59EE00FF904B = {
						CreatedOnToolsVersion = 14.3;
					};
					C3C2F8ED2CEB4952003ED9A5 = {
						CreatedOnToolsVersion = 16.1;
						TestTargetID = 58B693CB2A3B56E800FF904B;
					};
				};
			};
			buildConfigurationList = 58B693C72A3B56E800FF904B /* Build configuration list for PBXProject "DontGoMart" */;
			compatibilityVersion = "Xcode 14.0";
			developmentRegion = en;
			hasScannedForEncodings = 0;
			knownRegions = (
				en,
				Base,
				ko,
			);
			mainGroup = 58B693C32A3B56E800FF904B;
			packageReferences = (
				B1C7FDB0D6DF2B7360B49009 /* XCRemoteSwiftPackageReference "LeeoKit" */,
			);
			productRefGroup = 58B693CD2A3B56E800FF904B /* Products */;
			projectDirPath = "";
			projectRoot = "";
			targets = (
				58B693CB2A3B56E800FF904B /* DontGoMart */,
				58B693E02A3B59EE00FF904B /* CalendarWidgetExtension */,
				C3C2F8ED2CEB4952003ED9A5 /* DontGoMartTests */,
			);
		};
/* End PBXProject section */

/* Begin PBXResourcesBuildPhase section */
		58B693CA2A3B56E800FF904B /* Resources */ = {
			isa = PBXResourcesBuildPhase;
			buildActionMask = 2147483647;
			files = (
				58B693D72A3B56E900FF904B /* Preview Assets.xcassets in Resources */,
				589D5F472A433E8C00DB3CCF /* ProductList.plist in Resources */,
				9C2035742F2AE56D00AF1279 /* Localizable.xcstrings in Resources */,
				9C2035752F2AE57000AF1279 /* InfoPlist.xcstrings in Resources */,
				58B693D42A3B56E900FF904B /* Assets.xcassets in Resources */,
			);
			runOnlyForDeploymentPostprocessing = 0;
		};
		58B693DF2A3B59EE00FF904B /* Resources */ = {
			isa = PBXResourcesBuildPhase;
			buildActionMask = 2147483647;
			files = (
				58B693F02A3B59EF00FF904B /* Assets.xcassets in Resources */,
				9C2035782F2AE56D00AF1279 /* Localizable.xcstrings in Resources */,
			);
			runOnlyForDeploymentPostprocessing = 0;
		};
		C3C2F8EC2CEB4952003ED9A5 /* Resources */ = {
			isa = PBXResourcesBuildPhase;
			buildActionMask = 2147483647;
			files = (
			);
			runOnlyForDeploymentPostprocessing = 0;
		};
/* End PBXResourcesBuildPhase section */

/* Begin PBXSourcesBuildPhase section */
		58B693C82A3B56E800FF904B /* Sources */ = {
			isa = PBXSourcesBuildPhase;
			buildActionMask = 2147483647;
			files = (
				507108D21EFD4F309ED7BC48 /* CustomMartEditView.swift in Sources */,
				AEAF6767F1F6414DB8284EF1 /* CustomMartManager.swift in Sources */,
				5EF8D5624A6C44509B77A5BA /* CustomMart.swift in Sources */,
				58D40AD72CDF9138008C6458 /* Calendar+Ext.swift in Sources */,
				C359F4F72CFD8F6700F26B1D /* Color+Ext.swift in Sources */,
				C359F5032CFDC0A800F26B1D /* HolidayWidgetProvider.swift in Sources */,
				589D5F492A433EFD00DB3CCF /* StoreKitManager.swift in Sources */,
				9C40A1022F2B1A0100AF1279 /* UsageReporter.swift in Sources */,
				9C2035772F2AE58000AF1279 /* ReviewManager.swift in Sources */,
				58B127DD2A3D3673004040EA /* ClosedDayCalendarView.swift in Sources */,
				C3F7E7342D2CACF5003B7762 /* WidgetManager.swift in Sources */,
				58D40AD12CDF81A5008C6458 /* Date+Ext.swift in Sources */,
				58D40AD32CDF8E15008C6458 /* MartClosedData.swift in Sources */,
				C359F5052CFDC14F00F26B1D /* DDayWidgetProvider.swift in Sources */,
				58446A282A59493C001CC9D1 /* SettingsView.swift in Sources */,
				C3C2F8E82CEB18CE003ED9A5 /* MartModel.swift in Sources */,
				58B693D22A3B56E800FF904B /* ClosedDaysView.swift in Sources */,
				D0075D4400000000000000A4 /* ShareCardView.swift in Sources */,
				D0075D4600000000000000A6 /* TipCelebrationView.swift in Sources */,
				C359F4F02CFD724000F26B1D /* WidgetEntry.swift in Sources */,
				C359F5092CFDC16300F26B1D /* TwoHolidayWidgetProvider.swift in Sources */,
				58B693F32A3B59EF00FF904B /* CalendarWidget.intentdefinition in Sources */,
				D1C229962E0C2AC000969839 /* NotificationManager.swift in Sources */,
				C3E71D7C2D2BFBBF00F4A24B /* Utillity.swift in Sources */,
				FF86884D06664712A8FF1B17 /* ColorExtension.swift in Sources */,
				58B693D02A3B56E800FF904B /* DontGoMartApp.swift in Sources */,
				58D40AD52CDF8E68008C6458 /* DateValue.swift in Sources */,
				529607494EBF4AEEA43559C8 /* OperationStatusManager.swift in Sources */,
				AED7BB247263EE03E9181B58 /* DontGoMartSpec.swift in Sources */,
			);
			runOnlyForDeploymentPostprocessing = 0;
		};
		58B693DD2A3B59EE00FF904B /* Sources */ = {
			isa = PBXSourcesBuildPhase;
			buildActionMask = 2147483647;
			files = (
				C359F5082CFDC16300F26B1D /* TwoHolidayWidgetProvider.swift in Sources */,
				58B693FD2A3B66AB00FF904B /* MonthConfig.swift in Sources */,
				58AA3ED02ECF56C0007D4BBD /* CustomMart.swift in Sources */,
				C359F5062CFDC14F00F26B1D /* DDayWidgetProvider.swift in Sources */,
				58D40ADA2CDF9C92008C6458 /* Calendar+Ext.swift in Sources */,
				C359F4F42CFD8AD800F26B1D /* Color+Ext.swift in Sources */,
				C304FA2B2D1D1B5A000642C3 /* DateValue.swift in Sources */,
				C359F4FD2CFD96CA00F26B1D /* TwoHolidayWidget.swift in Sources */,
				D0075D4200000000000000A2 /* SundayStatusWidget.swift in Sources */,
				58B693EB2A3B59EE00FF904B /* CalendarWidgetLiveActivity.swift in Sources */,
				C359F5022CFDC0A800F26B1D /* HolidayWidgetProvider.swift in Sources */,
				C33C54772D312D53008B625C /* Date+Ext.swift in Sources */,
				58B693E92A3B59EE00FF904B /* CalendarWidgetBundle.swift in Sources */,
				C359F4EF2CFD724000F26B1D /* WidgetEntry.swift in Sources */,
				C304FA2A2D1D1B53000642C3 /* MartClosedData.swift in Sources */,
				58AA3ECF2ECF56B0007D4BBD /* CustomMartManager.swift in Sources */,
				C3C2F8E92CEB18CE003ED9A5 /* MartModel.swift in Sources */,
				58B693F22A3B59EF00FF904B /* CalendarWidget.intentdefinition in Sources */,
				C3E71D7D2D2BFBBF00F4A24B /* Utillity.swift in Sources */,
				E5E0D55DE3634E938977BCCE /* ColorExtension.swift in Sources */,
				58B693ED2A3B59EE00FF904B /* HolidayWidget.swift in Sources */,
				C359F4F92CFD8FA700F26B1D /* DDayWidget.swift in Sources */,
			);
			runOnlyForDeploymentPostprocessing = 0;
		};
		C3C2F8EA2CEB4952003ED9A5 /* Sources */ = {
			isa = PBXSourcesBuildPhase;
			buildActionMask = 2147483647;
			files = (
			);
			runOnlyForDeploymentPostprocessing = 0;
		};
/* End PBXSourcesBuildPhase section */

/* Begin PBXTargetDependency section */
		58B693F52A3B59EF00FF904B /* PBXTargetDependency */ = {
			isa = PBXTargetDependency;
			target = 58B693E02A3B59EE00FF904B /* CalendarWidgetExtension */;
			targetProxy = 58B693F42A3B59EF00FF904B /* PBXContainerItemProxy */;
		};
		C3C2F8F32CEB4952003ED9A5 /* PBXTargetDependency */ = {
			isa = PBXTargetDependency;
			target = 58B693CB2A3B56E800FF904B /* DontGoMart */;
			targetProxy = C3C2F8F22CEB4952003ED9A5 /* PBXContainerItemProxy */;
		};
/* End PBXTargetDependency section */

/* Begin XCBuildConfiguration section */
		58B693D82A3B56E900FF904B /* Debug */ = {
			isa = XCBuildConfiguration;
			baseConfigurationReference = 9C20357A2F2AE59000AF1279 /* Version.xcconfig */;
			buildSettings = {
				ALWAYS_SEARCH_USER_PATHS = NO;
				CLANG_ANALYZER_NONNULL = YES;
				CLANG_ANALYZER_NUMBER_OBJECT_CONVERSION = YES_AGGRESSIVE;
				CLANG_CXX_LANGUAGE_STANDARD = "gnu++20";
				CLANG_ENABLE_MODULES = YES;
				CLANG_ENABLE_OBJC_ARC = YES;
				CLANG_ENABLE_OBJC_WEAK = YES;
				CLANG_WARN_BLOCK_CAPTURE_AUTORELEASING = YES;
				CLANG_WARN_BOOL_CONVERSION = YES;
				CLANG_WARN_COMMA = YES;
				CLANG_WARN_CONSTANT_CONVERSION = YES;
				CLANG_WARN_DEPRECATED_OBJC_IMPLEMENTATIONS = YES;
				CLANG_WARN_DIRECT_OBJC_ISA_USAGE = YES_ERROR;
				CLANG_WARN_DOCUMENTATION_COMMENTS = YES;
				CLANG_WARN_EMPTY_BODY = YES;
				CLANG_WARN_ENUM_CONVERSION = YES;
				CLANG_WARN_INFINITE_RECURSION = YES;
				CLANG_WARN_INT_CONVERSION = YES;
				CLANG_WARN_NON_LITERAL_NULL_CONVERSION = YES;
				CLANG_WARN_OBJC_IMPLICIT_RETAIN_SELF = YES;
				CLANG_WARN_OBJC_LITERAL_CONVERSION = YES;
				CLANG_WARN_OBJC_ROOT_CLASS = YES_ERROR;
				CLANG_WARN_QUOTED_INCLUDE_IN_FRAMEWORK_HEADER = YES;
				CLANG_WARN_RANGE_LOOP_ANALYSIS = YES;
				CLANG_WARN_STRICT_PROTOTYPES = YES;
				CLANG_WARN_SUSPICIOUS_MOVE = YES;
				CLANG_WARN_UNGUARDED_AVAILABILITY = YES_AGGRESSIVE;
				CLANG_WARN_UNREACHABLE_CODE = YES;
				CLANG_WARN__DUPLICATE_METHOD_MATCH = YES;
				COPY_PHASE_STRIP = NO;
				DEBUG_INFORMATION_FORMAT = dwarf;
				ENABLE_STRICT_OBJC_MSGSEND = YES;
				ENABLE_TESTABILITY = YES;
				ENABLE_USER_SCRIPT_SANDBOXING = YES;
				GCC_C_LANGUAGE_STANDARD = gnu11;
				GCC_DYNAMIC_NO_PIC = NO;
				GCC_NO_COMMON_BLOCKS = YES;
				GCC_OPTIMIZATION_LEVEL = 0;
				GCC_PREPROCESSOR_DEFINITIONS = (
					"DEBUG=1",
					"$(inherited)",
				);
				GCC_WARN_64_TO_32_BIT_CONVERSION = YES;
				GCC_WARN_ABOUT_RETURN_TYPE = YES_ERROR;
				GCC_WARN_UNDECLARED_SELECTOR = YES;
				GCC_WARN_UNINITIALIZED_AUTOS = YES_AGGRESSIVE;
				GCC_WARN_UNUSED_FUNCTION = YES;
				GCC_WARN_UNUSED_VARIABLE = YES;
				IPHONEOS_DEPLOYMENT_TARGET = 17.6;
				MTL_ENABLE_DEBUG_INFO = INCLUDE_SOURCE;
				MTL_FAST_MATH = YES;
				ONLY_ACTIVE_ARCH = YES;
				SDKROOT = iphoneos;
				SWIFT_ACTIVE_COMPILATION_CONDITIONS = DEBUG;
				SWIFT_OPTIMIZATION_LEVEL = "-Onone";
			};
			name = Debug;
		};
		58B693D92A3B56E900FF904B /* Release */ = {
			isa = XCBuildConfiguration;
			baseConfigurationReference = 9C20357A2F2AE59000AF1279 /* Version.xcconfig */;
			buildSettings = {
				ALWAYS_SEARCH_USER_PATHS = NO;
				CLANG_ANALYZER_NONNULL = YES;
				CLANG_ANALYZER_NUMBER_OBJECT_CONVERSION = YES_AGGRESSIVE;
				CLANG_CXX_LANGUAGE_STANDARD = "gnu++20";
				CLANG_ENABLE_MODULES = YES;
				CLANG_ENABLE_OBJC_ARC = YES;
				CLANG_ENABLE_OBJC_WEAK = YES;
				CLANG_WARN_BLOCK_CAPTURE_AUTORELEASING = YES;
				CLANG_WARN_BOOL_CONVERSION = YES;
				CLANG_WARN_COMMA = YES;
				CLANG_WARN_CONSTANT_CONVERSION = YES;
				CLANG_WARN_DEPRECATED_OBJC_IMPLEMENTATIONS = YES;
				CLANG_WARN_DIRECT_OBJC_ISA_USAGE = YES_ERROR;
				CLANG_WARN_DOCUMENTATION_COMMENTS = YES;
				CLANG_WARN_EMPTY_BODY = YES;
				CLANG_WARN_ENUM_CONVERSION = YES;
				CLANG_WARN_INFINITE_RECURSION = YES;
				CLANG_WARN_INT_CONVERSION = YES;
				CLANG_WARN_NON_LITERAL_NULL_CONVERSION = YES;
				CLANG_WARN_OBJC_IMPLICIT_RETAIN_SELF = YES;
				CLANG_WARN_OBJC_LITERAL_CONVERSION = YES;
				CLANG_WARN_OBJC_ROOT_CLASS = YES_ERROR;
				CLANG_WARN_QUOTED_INCLUDE_IN_FRAMEWORK_HEADER = YES;
				CLANG_WARN_RANGE_LOOP_ANALYSIS = YES;
				CLANG_WARN_STRICT_PROTOTYPES = YES;
				CLANG_WARN_SUSPICIOUS_MOVE = YES;
				CLANG_WARN_UNGUARDED_AVAILABILITY = YES_AGGRESSIVE;
				CLANG_WARN_UNREACHABLE_CODE = YES;
				CLANG_WARN__DUPLICATE_METHOD_MATCH = YES;
				COPY_PHASE_STRIP = NO;
				DEBUG_INFORMATION_FORMAT = "dwarf-with-dsym";
				ENABLE_NS_ASSERTIONS = NO;
				ENABLE_STRICT_OBJC_MSGSEND = YES;
				ENABLE_USER_SCRIPT_SANDBOXING = YES;
				GCC_C_LANGUAGE_STANDARD = gnu11;
				GCC_NO_COMMON_BLOCKS = YES;
				GCC_WARN_64_TO_32_BIT_CONVERSION = YES;
				GCC_WARN_ABOUT_RETURN_TYPE = YES_ERROR;
				GCC_WARN_UNDECLARED_SELECTOR = YES;
				GCC_WARN_UNINITIALIZED_AUTOS = YES_AGGRESSIVE;
				GCC_WARN_UNUSED_FUNCTION = YES;
				GCC_WARN_UNUSED_VARIABLE = YES;
				IPHONEOS_DEPLOYMENT_TARGET = 17.6;
				MTL_ENABLE_DEBUG_INFO = NO;
				MTL_FAST_MATH = YES;
				SDKROOT = iphoneos;
				SWIFT_COMPILATION_MODE = wholemodule;
				SWIFT_OPTIMIZATION_LEVEL = "-O";
				VALIDATE_PRODUCT = YES;
			};
			name = Release;
		};
		58B693DB2A3B56E900FF904B /* Debug */ = {
			isa = XCBuildConfiguration;
			buildSettings = {
				ASSETCATALOG_COMPILER_APPICON_NAME = AppIcon;
				ASSETCATALOG_COMPILER_GLOBAL_ACCENT_COLOR_NAME = AccentColor;
				CODE_SIGN_ENTITLEMENTS = DontGoMart/DontGoMart.entitlements;
				CODE_SIGN_IDENTITY = "Apple Development";
				CODE_SIGN_STYLE = Automatic;
				CURRENT_PROJECT_VERSION = 1;
				DEVELOPMENT_ASSET_PATHS = "\"DontGoMart/Preview Content\"";
				DEVELOPMENT_TEAM = QGAQ3AY3R3;
				ENABLE_PREVIEWS = YES;
				ENABLE_TESTING_SEARCH_PATHS = YES;
				GENERATE_INFOPLIST_FILE = YES;
				INFOPLIST_FILE = DontGoMart/Info.plist;
				INFOPLIST_KEY_CFBundleDisplayName = "돈꼬마트";
				INFOPLIST_KEY_LSApplicationCategoryType = "public.app-category.utilities";
				INFOPLIST_KEY_NSLocationWhenInUseUsageDescription = "주변 매장을 찾아 추천하기 위해 위치 정보가 필요합니다.";
				INFOPLIST_KEY_UIApplicationSceneManifest_Generation = YES;
				INFOPLIST_KEY_UIApplicationSupportsIndirectInputEvents = YES;
				INFOPLIST_KEY_UILaunchScreen_Generation = YES;
				INFOPLIST_KEY_UISupportedInterfaceOrientations_iPad = "UIInterfaceOrientationPortrait UIInterfaceOrientationPortraitUpsideDown UIInterfaceOrientationLandscapeLeft UIInterfaceOrientationLandscapeRight";
				INFOPLIST_KEY_UISupportedInterfaceOrientations_iPhone = "UIInterfaceOrientationPortrait UIInterfaceOrientationLandscapeLeft UIInterfaceOrientationLandscapeRight";
				IPHONEOS_DEPLOYMENT_TARGET = 18.6;
				LD_RUNPATH_SEARCH_PATHS = (
					"$(inherited)",
					"@executable_path/Frameworks",
				);
				MARKETING_VERSION = 2.0.6;
				PRODUCT_BUNDLE_IDENTIFIER = com.leeo.DontGoMart;
				PRODUCT_NAME = "$(TARGET_NAME)";
				PROVISIONING_PROFILE_SPECIFIER = "";
				SUPPORTED_PLATFORMS = "iphoneos iphonesimulator";
				SUPPORTS_MACCATALYST = NO;
				SUPPORTS_MAC_DESIGNED_FOR_IPHONE_IPAD = YES;
				SWIFT_EMIT_LOC_STRINGS = YES;
				SWIFT_VERSION = 5.0;
				TARGETED_DEVICE_FAMILY = 1;
			};
			name = Debug;
		};
		58B693DC2A3B56E900FF904B /* Release */ = {
			isa = XCBuildConfiguration;
			buildSettings = {
				ASSETCATALOG_COMPILER_APPICON_NAME = AppIcon;
				ASSETCATALOG_COMPILER_GLOBAL_ACCENT_COLOR_NAME = AccentColor;
				CODE_SIGN_ENTITLEMENTS = DontGoMart/DontGoMart.entitlements;
				CODE_SIGN_IDENTITY = "Apple Development";
				CODE_SIGN_STYLE = Automatic;
				CURRENT_PROJECT_VERSION = 1;
				DEVELOPMENT_ASSET_PATHS = "\"DontGoMart/Preview Content\"";
				DEVELOPMENT_TEAM = QGAQ3AY3R3;
				ENABLE_PREVIEWS = YES;
				ENABLE_TESTING_SEARCH_PATHS = YES;
				GENERATE_INFOPLIST_FILE = YES;
				INFOPLIST_FILE = DontGoMart/Info.plist;
				INFOPLIST_KEY_CFBundleDisplayName = "돈꼬마트";
				INFOPLIST_KEY_LSApplicationCategoryType = "public.app-category.utilities";
				INFOPLIST_KEY_NSLocationWhenInUseUsageDescription = "주변 매장을 찾아 추천하기 위해 위치 정보가 필요합니다.";
				INFOPLIST_KEY_UIApplicationSceneManifest_Generation = YES;
				INFOPLIST_KEY_UIApplicationSupportsIndirectInputEvents = YES;
				INFOPLIST_KEY_UILaunchScreen_Generation = YES;
				INFOPLIST_KEY_UISupportedInterfaceOrientations_iPad = "UIInterfaceOrientationPortrait UIInterfaceOrientationPortraitUpsideDown UIInterfaceOrientationLandscapeLeft UIInterfaceOrientationLandscapeRight";
				INFOPLIST_KEY_UISupportedInterfaceOrientations_iPhone = "UIInterfaceOrientationPortrait UIInterfaceOrientationLandscapeLeft UIInterfaceOrientationLandscapeRight";
				IPHONEOS_DEPLOYMENT_TARGET = 18.6;
				LD_RUNPATH_SEARCH_PATHS = (
					"$(inherited)",
					"@executable_path/Frameworks",
				);
				MARKETING_VERSION = 2.0.6;
				PRODUCT_BUNDLE_IDENTIFIER = com.leeo.DontGoMart;
				PRODUCT_NAME = "$(TARGET_NAME)";
				PROVISIONING_PROFILE_SPECIFIER = "";
				SUPPORTED_PLATFORMS = "iphoneos iphonesimulator";
				SUPPORTS_MACCATALYST = NO;
				SUPPORTS_MAC_DESIGNED_FOR_IPHONE_IPAD = YES;
				SWIFT_EMIT_LOC_STRINGS = YES;
				SWIFT_VERSION = 5.0;
				TARGETED_DEVICE_FAMILY = 1;
			};
			name = Release;
		};
		58B693F82A3B59EF00FF904B /* Debug */ = {
			isa = XCBuildConfiguration;
			buildSettings = {
				ASSETCATALOG_COMPILER_GLOBAL_ACCENT_COLOR_NAME = AccentColor;
				ASSETCATALOG_COMPILER_WIDGET_BACKGROUND_COLOR_NAME = WidgetBackground;
				CODE_SIGN_ENTITLEMENTS = CalendarWidgetExtension.entitlements;
				CODE_SIGN_IDENTITY = "Apple Development";
				CODE_SIGN_STYLE = Automatic;
				CURRENT_PROJECT_VERSION = 1;
				DEVELOPMENT_TEAM = QGAQ3AY3R3;
				GENERATE_INFOPLIST_FILE = YES;
				INFOPLIST_FILE = DontGoMartWidget/Info.plist;
				INFOPLIST_KEY_CFBundleDisplayName = CalendarWidget;
				INFOPLIST_KEY_NSHumanReadableCopyright = "";
				IPHONEOS_DEPLOYMENT_TARGET = 17.6;
				LD_RUNPATH_SEARCH_PATHS = (
					"$(inherited)",
					"@executable_path/Frameworks",
					"@executable_path/../../Frameworks",
				);
				MARKETING_VERSION = 2.0.6;
				PRODUCT_BUNDLE_IDENTIFIER = com.leeo.DontGoMart.CalendarWidget;
				PRODUCT_NAME = "$(TARGET_NAME)";
				PROVISIONING_PROFILE_SPECIFIER = "";
				SKIP_INSTALL = YES;
				SWIFT_EMIT_LOC_STRINGS = YES;
				SWIFT_VERSION = 5.0;
				TARGETED_DEVICE_FAMILY = "1,2";
			};
			name = Debug;
		};
		58B693F92A3B59EF00FF904B /* Release */ = {
			isa = XCBuildConfiguration;
			buildSettings = {
				ASSETCATALOG_COMPILER_GLOBAL_ACCENT_COLOR_NAME = AccentColor;
				ASSETCATALOG_COMPILER_WIDGET_BACKGROUND_COLOR_NAME = WidgetBackground;
				CODE_SIGN_ENTITLEMENTS = CalendarWidgetExtension.entitlements;
				CODE_SIGN_IDENTITY = "Apple Development";
				CODE_SIGN_STYLE = Automatic;
				CURRENT_PROJECT_VERSION = 1;
				DEVELOPMENT_TEAM = QGAQ3AY3R3;
				GENERATE_INFOPLIST_FILE = YES;
				INFOPLIST_FILE = DontGoMartWidget/Info.plist;
				INFOPLIST_KEY_CFBundleDisplayName = CalendarWidget;
				INFOPLIST_KEY_NSHumanReadableCopyright = "";
				IPHONEOS_DEPLOYMENT_TARGET = 17.6;
				LD_RUNPATH_SEARCH_PATHS = (
					"$(inherited)",
					"@executable_path/Frameworks",
					"@executable_path/../../Frameworks",
				);
				MARKETING_VERSION = 2.0.6;
				PRODUCT_BUNDLE_IDENTIFIER = com.leeo.DontGoMart.CalendarWidget;
				PRODUCT_NAME = "$(TARGET_NAME)";
				PROVISIONING_PROFILE_SPECIFIER = "";
				SKIP_INSTALL = YES;
				SWIFT_EMIT_LOC_STRINGS = YES;
				SWIFT_VERSION = 5.0;
				TARGETED_DEVICE_FAMILY = "1,2";
			};
			name = Release;
		};
		C3C2F8F52CEB4952003ED9A5 /* Debug */ = {
			isa = XCBuildConfiguration;
			buildSettings = {
				ASSETCATALOG_COMPILER_GENERATE_SWIFT_ASSET_SYMBOL_EXTENSIONS = YES;
				BUNDLE_LOADER = "$(TEST_HOST)";
				CODE_SIGN_STYLE = Automatic;
				CURRENT_PROJECT_VERSION = 1;
				GCC_C_LANGUAGE_STANDARD = gnu17;
				GENERATE_INFOPLIST_FILE = YES;
				IPHONEOS_DEPLOYMENT_TARGET = 18.6;
				LOCALIZATION_PREFERS_STRING_CATALOGS = YES;
				MARKETING_VERSION = 2.0.6;
				PRODUCT_BUNDLE_IDENTIFIER = hamsik22.DontGoMartTests;
				PRODUCT_NAME = "$(TARGET_NAME)";
				SWIFT_ACTIVE_COMPILATION_CONDITIONS = "DEBUG $(inherited)";
				SWIFT_EMIT_LOC_STRINGS = NO;
				SWIFT_VERSION = 5.0;
				TARGETED_DEVICE_FAMILY = "1,2";
				TEST_HOST = "$(BUILT_PRODUCTS_DIR)/DontGoMart.app/$(BUNDLE_EXECUTABLE_FOLDER_PATH)/DontGoMart";
			};
			name = Debug;
		};
		C3C2F8F62CEB4952003ED9A5 /* Release */ = {
			isa = XCBuildConfiguration;
			buildSettings = {
				ASSETCATALOG_COMPILER_GENERATE_SWIFT_ASSET_SYMBOL_EXTENSIONS = YES;
				BUNDLE_LOADER = "$(TEST_HOST)";
				CODE_SIGN_STYLE = Automatic;
				CURRENT_PROJECT_VERSION = 1;
				GCC_C_LANGUAGE_STANDARD = gnu17;
				GENERATE_INFOPLIST_FILE = YES;
				IPHONEOS_DEPLOYMENT_TARGET = 18.6;
				LOCALIZATION_PREFERS_STRING_CATALOGS = YES;
				MARKETING_VERSION = 2.0.6;
				PRODUCT_BUNDLE_IDENTIFIER = hamsik22.DontGoMartTests;
				PRODUCT_NAME = "$(TARGET_NAME)";
				SWIFT_EMIT_LOC_STRINGS = NO;
				SWIFT_VERSION = 5.0;
				TARGETED_DEVICE_FAMILY = "1,2";
				TEST_HOST = "$(BUILT_PRODUCTS_DIR)/DontGoMart.app/$(BUNDLE_EXECUTABLE_FOLDER_PATH)/DontGoMart";
			};
			name = Release;
		};
/* End XCBuildConfiguration section */

/* Begin XCConfigurationList section */
		58B693C72A3B56E800FF904B /* Build configuration list for PBXProject "DontGoMart" */ = {
			isa = XCConfigurationList;
			buildConfigurations = (
				58B693D82A3B56E900FF904B /* Debug */,
				58B693D92A3B56E900FF904B /* Release */,
			);
			defaultConfigurationIsVisible = 0;
			defaultConfigurationName = Release;
		};
		58B693DA2A3B56E900FF904B /* Build configuration list for PBXNativeTarget "DontGoMart" */ = {
			isa = XCConfigurationList;
			buildConfigurations = (
				58B693DB2A3B56E900FF904B /* Debug */,
				58B693DC2A3B56E900FF904B /* Release */,
			);
			defaultConfigurationIsVisible = 0;
			defaultConfigurationName = Release;
		};
		58B693F72A3B59EF00FF904B /* Build configuration list for PBXNativeTarget "CalendarWidgetExtension" */ = {
			isa = XCConfigurationList;
			buildConfigurations = (
				58B693F82A3B59EF00FF904B /* Debug */,
				58B693F92A3B59EF00FF904B /* Release */,
			);
			defaultConfigurationIsVisible = 0;
			defaultConfigurationName = Release;
		};
		C3C2F8F42CEB4952003ED9A5 /* Build configuration list for PBXNativeTarget "DontGoMartTests" */ = {
			isa = XCConfigurationList;
			buildConfigurations = (
				C3C2F8F52CEB4952003ED9A5 /* Debug */,
				C3C2F8F62CEB4952003ED9A5 /* Release */,
			);
			defaultConfigurationIsVisible = 0;
			defaultConfigurationName = Release;
		};
/* End XCConfigurationList section */

/* Begin XCRemoteSwiftPackageReference section */
		B1C7FDB0D6DF2B7360B49009 /* XCRemoteSwiftPackageReference "LeeoKit" */ = {
			isa = XCRemoteSwiftPackageReference;
			repositoryURL = "https://github.com/M1zz/LeeoKit.git";
			requirement = {
				kind = upToNextMajorVersion;
				minimumVersion = 2.6.0;
			};
		};
/* End XCRemoteSwiftPackageReference section */

/* Begin XCSwiftPackageProductDependency section */
		7F6D8E1AF9898CD59B16480C /* LeeoKit */ = {
			isa = XCSwiftPackageProductDependency;
			package = B1C7FDB0D6DF2B7360B49009 /* XCRemoteSwiftPackageReference "LeeoKit" */;
			productName = LeeoKit;
		};
/* End XCSwiftPackageProductDependency section */
	};
	rootObject = 58B693C42A3B56E800FF904B /* Project object */;
}
